
Microsoft Visual Studio Solution File, Format Version 12.00
# Visual Studio Version 17
VisualStudioVersion = 17.11.35222.181
MinimumVisualStudioVersion = 10.0.40219.1
Project("{FAE04EC0-301F-11D3-BF4B-00C04F79EFBC}") = "QuanLiSieuThiMini", "QuanLiSieuThiMini.csproj", "{F149DA23-CC88-44DB-A4C2-686A9CA4F4F6}"
EndProject
Global
	GlobalSection(SolutionConfigurationPlatforms) = preSolution
		Debug|Any CPU = Debug|Any CPU
		Release|Any CPU = Release|Any CPU
	EndGlobalSection
	GlobalSection(ProjectConfigurationPlatforms) = postSolution
		{F149DA23-CC88-44DB-A4C2-686A9CA4F4F6}.Debug|Any CPU.ActiveCfg = Debug|Any CPU
		{F149DA23-CC88-44DB-A4C2-686A9CA4F4F6}.Debug|Any CPU.Build.0 = Debug|Any CPU
		{F149DA23-CC88-44DB-A4C2-686A9CA4F4F6}.Release|Any CPU.ActiveCfg = Release|Any CPU
		{F149DA23-CC88-44DB-A4C2-686A9CA4F4F6}.Release|Any CPU.Build.0 = Release|Any CPU
	EndGlobalSection
	GlobalSection(SolutionProperties) = preSolution
		HideSolutionNode = FALSE
	EndGlobalSection
	GlobalSection(ExtensibilityGlobals) = postSolution
		SolutionGuid = {958A20DD-C3FB-4EB0-87B8-E9EA133CEF06}
	EndGlobalSection
EndGlobal
